
Microsoft Visual Studio Solution File, Format Version 12.00
# Visual Studio 14
VisualStudioVersion = 14.0.23107.0
MinimumVisualStudioVersion = 10.0.40219.1
Project("{FAE04EC0-301F-11D3-BF4B-00C04F79EFBC}") = "ContactosStarWars", "ContactosStarWars\ContactosStarWars.csproj", "{1FADF431-F1A5-4AEB-8C32-E459AE821ADB}"
	ProjectSection(ProjectDependencies) = postProject
		{2793644F-528F-4BFF-8ACD-7458DC412246} = {2793644F-528F-4BFF-8ACD-7458DC412246}
	EndProjectSection
EndProject
Project("{FAE04EC0-301F-11D3-BF4B-00C04F79EFBC}") = "ContactosStarWars.Aplicacion", "ContactosStarWars.Aplicacion\ContactosStarWars.Aplicacion.csproj", "{2793644F-528F-4BFF-8ACD-7458DC412246}"
EndProject
Global
	GlobalSection(SolutionConfigurationPlatforms) = preSolution
		Debug|Any CPU = Debug|Any CPU
		Release|Any CPU = Release|Any CPU
	EndGlobalSection
	GlobalSection(ProjectConfigurationPlatforms) = postSolution
		{1FADF431-F1A5-4AEB-8C32-E459AE821ADB}.Debug|Any CPU.ActiveCfg = Debug|Any CPU
		{1FADF431-F1A5-4AEB-8C32-E459AE821ADB}.Debug|Any CPU.Build.0 = Debug|Any CPU
		{1FADF431-F1A5-4AEB-8C32-E459AE821ADB}.Release|Any CPU.ActiveCfg = Release|Any CPU
		{1FADF431-F1A5-4AEB-8C32-E459AE821ADB}.Release|Any CPU.Build.0 = Release|Any CPU
		{2793644F-528F-4BFF-8ACD-7458DC412246}.Debug|Any CPU.ActiveCfg = Debug|Any CPU
		{2793644F-528F-4BFF-8ACD-7458DC412246}.Debug|Any CPU.Build.0 = Debug|Any CPU
		{2793644F-528F-4BFF-8ACD-7458DC412246}.Release|Any CPU.ActiveCfg = Release|Any CPU
		{2793644F-528F-4BFF-8ACD-7458DC412246}.Release|Any CPU.Build.0 = Release|Any CPU
	EndGlobalSection
	GlobalSection(SolutionProperties) = preSolution
		HideSolutionNode = FALSE
	EndGlobalSection
EndGlobal
